
Microsoft Visual Studio Solution File, Format Version 12.00
# Visual Studio 2017
Project("{FAE04EC0-301F-11D3-BF4B-00C04F79EFBC}") = "OnlineMetronomeREST", "OnlineMetronomeREST.csproj", "{99B7B92E-7097-4CBD-A4A2-C373800CF7C6}"
EndProject
Global
	GlobalSection(SolutionConfigurationPlatforms) = preSolution
		Debug|Any CPU = Debug|Any CPU
		Release|Any CPU = Release|Any CPU
	EndGlobalSection
	GlobalSection(ProjectConfigurationPlatforms) = postSolution
		{99B7B92E-7097-4CBD-A4A2-C373800CF7C6}.Debug|Any CPU.ActiveCfg = Debug|Any CPU
		{99B7B92E-7097-4CBD-A4A2-C373800CF7C6}.Debug|Any CPU.Build.0 = Debug|Any CPU
		{99B7B92E-7097-4CBD-A4A2-C373800CF7C6}.Release|Any CPU.ActiveCfg = Release|Any CPU
		{99B7B92E-7097-4CBD-A4A2-C373800CF7C6}.Release|Any CPU.Build.0 = Release|Any CPU
	EndGlobalSection
EndGlobal
